
Microsoft Visual Studio Solution File, Format Version 12.00
# Visual Studio Version 16
VisualStudioVersion = 16.0.28803.352
MinimumVisualStudioVersion = 10.0.40219.1
Project("{FAE04EC0-301F-11D3-BF4B-00C04F79EFBC}") = "PrelimineryTest", "PrelimineryTest\PrelimineryTest.csproj", "{63746234-CA14-4D33-8CBD-9982835E5C2F}"
EndProject
Project("{FAE04EC0-301F-11D3-BF4B-00C04F79EFBC}") = "PrelimineryTest.Api", "PrelimineryTest.Api\PrelimineryTest.Api.csproj", "{C167B50C-5A15-4CB4-8A3E-903A14528302}"
EndProject
Project("{FAE04EC0-301F-11D3-BF4B-00C04F79EFBC}") = "PrelimineryTest.Services", "PrelimineryTest.Services\PrelimineryTest.Services.csproj", "{384611EB-7C63-4C7C-84F5-E824ABF6287E}"
EndProject
Global
	GlobalSection(SolutionConfigurationPlatforms) = preSolution
		Debug|Any CPU = Debug|Any CPU
		Release|Any CPU = Release|Any CPU
	EndGlobalSection
	GlobalSection(ProjectConfigurationPlatforms) = postSolution
		{63746234-CA14-4D33-8CBD-9982835E5C2F}.Debug|Any CPU.ActiveCfg = Debug|Any CPU
		{63746234-CA14-4D33-8CBD-9982835E5C2F}.Debug|Any CPU.Build.0 = Debug|Any CPU
		{63746234-CA14-4D33-8CBD-9982835E5C2F}.Release|Any CPU.ActiveCfg = Release|Any CPU
		{63746234-CA14-4D33-8CBD-9982835E5C2F}.Release|Any CPU.Build.0 = Release|Any CPU
		{C167B50C-5A15-4CB4-8A3E-903A14528302}.Debug|Any CPU.ActiveCfg = Debug|Any CPU
		{C167B50C-5A15-4CB4-8A3E-903A14528302}.Debug|Any CPU.Build.0 = Debug|Any CPU
		{C167B50C-5A15-4CB4-8A3E-903A14528302}.Release|Any CPU.ActiveCfg = Release|Any CPU
		{C167B50C-5A15-4CB4-8A3E-903A14528302}.Release|Any CPU.Build.0 = Release|Any CPU
		{384611EB-7C63-4C7C-84F5-E824ABF6287E}.Debug|Any CPU.ActiveCfg = Debug|Any CPU
		{384611EB-7C63-4C7C-84F5-E824ABF6287E}.Debug|Any CPU.Build.0 = Debug|Any CPU
		{384611EB-7C63-4C7C-84F5-E824ABF6287E}.Release|Any CPU.ActiveCfg = Release|Any CPU
		{384611EB-7C63-4C7C-84F5-E824ABF6287E}.Release|Any CPU.Build.0 = Release|Any CPU
	EndGlobalSection
	GlobalSection(SolutionProperties) = preSolution
		HideSolutionNode = FALSE
	EndGlobalSection
	GlobalSection(ExtensibilityGlobals) = postSolution
		SolutionGuid = {98786035-D21A-4595-BB98-014B677BC8D3}
	EndGlobalSection
EndGlobal
